// !$*UTF8*$!
{
	archiveVersion = 1;
	classes = {
	};
	objectVersion = 50;
	objects = {

/* Begin PBXBuildFile section */
		52A02F6724F79B5000F282A0 /* Main.storyboard in Resources */ = {isa = PBXBuildFile; fileRef = 52A02F6624F79B5000F282A0 /* Main.storyboard */; };
		52A02F6924F79BC900F282A0 /* HomePresenter.swift in Sources */ = {isa = PBXBuildFile; fileRef = 52A02F6824F79BC900F282A0 /* HomePresenter.swift */; };
		52A02F6B24F79C6100F282A0 /* MarketsPresenter.swift in Sources */ = {isa = PBXBuildFile; fileRef = 52A02F6A24F79C6100F282A0 /* MarketsPresenter.swift */; };
		52A02F7024F79EAE00F282A0 /* FuturesPresenter.swift in Sources */ = {isa = PBXBuildFile; fileRef = 52A02F6F24F79EAE00F282A0 /* FuturesPresenter.swift */; };
		52A02F7224F79EDC00F282A0 /* WalletsPresenter.swift in Sources */ = {isa = PBXBuildFile; fileRef = 52A02F7124F79EDC00F282A0 /* WalletsPresenter.swift */; };
		5AE8EA1224FD49BC009326C8 /* UIExtension.framework in Frameworks */ = {isa = PBXBuildFile; fileRef = 5AE8EA1124FD49BC009326C8 /* UIExtension.framework */; };
/* End PBXBuildFile section */

/* Begin PBXFileReference section */
		52A02F5B24F79B3B00F282A0 /* OtherTabs.framework */ = {isa = PBXFileReference; explicitFileType = wrapper.framework; includeInIndex = 0; path = OtherTabs.framework; sourceTree = BUILT_PRODUCTS_DIR; };
		52A02F5F24F79B3B00F282A0 /* Info.plist */ = {isa = PBXFileReference; lastKnownFileType = text.plist.xml; path = Info.plist; sourceTree = "<group>"; };
		52A02F6624F79B5000F282A0 /* Main.storyboard */ = {isa = PBXFileReference; lastKnownFileType = file.storyboard; path = Main.storyboard; sourceTree = "<group>"; };
		52A02F6824F79BC900F282A0 /* HomePresenter.swift */ = {isa = PBXFileReference; lastKnownFileType = sourcecode.swift; path = HomePresenter.swift; sourceTree = "<group>"; };
		52A02F6A24F79C6100F282A0 /* MarketsPresenter.swift */ = {isa = PBXFileReference; lastKnownFileType = sourcecode.swift; path = MarketsPresenter.swift; sourceTree = "<group>"; };
		52A02F6F24F79EAE00F282A0 /* FuturesPresenter.swift */ = {isa = PBXFileReference; lastKnownFileType = sourcecode.swift; path = FuturesPresenter.swift; sourceTree = "<group>"; };
		52A02F7124F79EDC00F282A0 /* WalletsPresenter.swift */ = {isa = PBXFileReference; lastKnownFileType = sourcecode.swift; path = WalletsPresenter.swift; sourceTree = "<group>"; };
		5AE8EA1124FD49BC009326C8 /* UIExtension.framework */ = {isa = PBXFileReference; explicitFileType = wrapper.framework; path = UIExtension.framework; sourceTree = BUILT_PRODUCTS_DIR; };
/* End PBXFileReference section */

/* Begin PBXFrameworksBuildPhase section */
		52A02F5824F79B3B00F282A0 /* Frameworks */ = {
			isa = PBXFrameworksBuildPhase;
			buildActionMask = 2147483647;
			files = (
				5AE8EA1224FD49BC009326C8 /* UIExtension.framework in Frameworks */,
			);
			runOnlyForDeploymentPostprocessing = 0;
		};
/* End PBXFrameworksBuildPhase section */

/* Begin PBXGroup section */
		52A02F5124F79B3B00F282A0 = {
			isa = PBXGroup;
			children = (
				52A02F5D24F79B3B00F282A0 /* OtherTabs */,
				52A02F5C24F79B3B00F282A0 /* Products */,
				52A02F6C24F79DE700F282A0 /* Frameworks */,
			);
			sourceTree = "<group>";
		};
		52A02F5C24F79B3B00F282A0 /* Products */ = {
			isa = PBXGroup;
			children = (
				52A02F5B24F79B3B00F282A0 /* OtherTabs.framework */,
			);
			name = Products;
			sourceTree = "<group>";
		};
		52A02F5D24F79B3B00F282A0 /* OtherTabs */ = {
			isa = PBXGroup;
			children = (
				52A02F6824F79BC900F282A0 /* HomePresenter.swift */,
				52A02F6A24F79C6100F282A0 /* MarketsPresenter.swift */,
				52A02F6F24F79EAE00F282A0 /* FuturesPresenter.swift */,
				52A02F7124F79EDC00F282A0 /* WalletsPresenter.swift */,
				52A02F6624F79B5000F282A0 /* Main.storyboard */,
				52A02F5F24F79B3B00F282A0 /* Info.plist */,
			);
			path = OtherTabs;
			sourceTree = "<group>";
		};
		52A02F6C24F79DE700F282A0 /* Frameworks */ = {
			isa = PBXGroup;
			children = (
				5AE8EA1124FD49BC009326C8 /* UIExtension.framework */,
			);
			name = Frameworks;
			sourceTree = "<group>";
		};
/* End PBXGroup section */

/* Begin PBXHeadersBuildPhase section */
		52A02F5624F79B3B00F282A0 /* Headers */ = {
			isa = PBXHeadersBuildPhase;
			buildActionMask = 2147483647;
			files = (
			);
			runOnlyForDeploymentPostprocessing = 0;
		};
/* End PBXHeadersBuildPhase section */

/* Begin PBXNativeTarget section */
		52A02F5A24F79B3B00F282A0 /* OtherTabs */ = {
			isa = PBXNativeTarget;
			buildConfigurationList = 52A02F6324F79B3B00F282A0 /* Build configuration list for PBXNativeTarget "OtherTabs" */;
			buildPhases = (
				52A02F5624F79B3B00F282A0 /* Headers */,
				52A02F5724F79B3B00F282A0 /* Sources */,
				52A02F5824F79B3B00F282A0 /* Frameworks */,
				52A02F5924F79B3B00F282A0 /* Resources */,
			);
			buildRules = (
			);
			dependencies = (
			);
			name = OtherTabs;
			productName = OtherTabs;
			productReference = 52A02F5B24F79B3B00F282A0 /* OtherTabs.framework */;
			productType = "com.apple.product-type.framework";
		};
/* End PBXNativeTarget section */

/* Begin PBXProject section */
		52A02F5224F79B3B00F282A0 /* Project object */ = {
			isa = PBXProject;
			attributes = {
				LastUpgradeCheck = 1160;
				ORGANIZATIONNAME = zzy;
				TargetAttributes = {
					52A02F5A24F79B3B00F282A0 = {
						CreatedOnToolsVersion = 11.6;
						LastSwiftMigration = 1160;
					};
				};
			};
			buildConfigurationList = 52A02F5524F79B3B00F282A0 /* Build configuration list for PBXProject "OtherTabs" */;
			compatibilityVersion = "Xcode 9.3";
			developmentRegion = en;
			hasScannedForEncodings = 0;
			knownRegions = (
				en,
				Base,
			);
			mainGroup = 52A02F5124F79B3B00F282A0;
			productRefGroup = 52A02F5C24F79B3B00F282A0 /* Products */;
			projectDirPath = "";
			projectRoot = "";
			targets = (
				52A02F5A24F79B3B00F282A0 /* OtherTabs */,
			);
		};
/* End PBXProject section */

/* Begin PBXResourcesBuildPhase section */
		52A02F5924F79B3B00F282A0 /* Resources */ = {
			isa = PBXResourcesBuildPhase;
			buildActionMask = 2147483647;
			files = (
				52A02F6724F79B5000F282A0 /* Main.storyboard in Resources */,
			);
			runOnlyForDeploymentPostprocessing = 0;
		};
/* End PBXResourcesBuildPhase section */

/* Begin PBXSourcesBuildPhase section */
		52A02F5724F79B3B00F282A0 /* Sources */ = {
			isa = PBXSourcesBuildPhase;
			buildActionMask = 2147483647;
			files = (
				52A02F6B24F79C6100F282A0 /* MarketsPresenter.swift in Sources */,
				52A02F7224F79EDC00F282A0 /* WalletsPresenter.swift in Sources */,
				52A02F7024F79EAE00F282A0 /* FuturesPresenter.swift in Sources */,
				52A02F6924F79BC900F282A0 /* HomePresenter.swift in Sources */,
			);
			runOnlyForDeploymentPostprocessing = 0;
		};
/* End PBXSourcesBuildPhase section */

/* Begin XCBuildConfiguration section */
		52A02F6124F79B3B00F282A0 /* Debug */ = {
			isa = XCBuildConfiguration;
			buildSettings = {
				ALWAYS_SEARCH_USER_PATHS = NO;
				CLANG_ANALYZER_NONNULL = YES;
				CLANG_ANALYZER_NUMBER_OBJECT_CONVERSION = YES_AGGRESSIVE;
				CLANG_CXX_LANGUAGE_STANDARD = "gnu++14";
				CLANG_CXX_LIBRARY = "libc++";
				CLANG_ENABLE_MODULES = YES;
				CLANG_ENABLE_OBJC_ARC = YES;
				CLANG_ENABLE_OBJC_WEAK = YES;
				CLANG_WARN_BLOCK_CAPTURE_AUTORELEASING = YES;
				CLANG_WARN_BOOL_CONVERSION = YES;
				CLANG_WARN_COMMA = YES;
				CLANG_WARN_CONSTANT_CONVERSION = YES;
				CLANG_WARN_DEPRECATED_OBJC_IMPLEMENTATIONS = YES;
				CLANG_WARN_DIRECT_OBJC_ISA_USAGE = YES_ERROR;
				CLANG_WARN_DOCUMENTATION_COMMENTS = YES;
				CLANG_WARN_EMPTY_BODY = YES;
				CLANG_WARN_ENUM_CONVERSION = YES;
				CLANG_WARN_INFINITE_RECURSION = YES;
				CLANG_WARN_INT_CONVERSION = YES;
				CLANG_WARN_NON_LITERAL_NULL_CONVERSION = YES;
				CLANG_WARN_OBJC_IMPLICIT_RETAIN_SELF = YES;
				CLANG_WARN_OBJC_LITERAL_CONVERSION = YES;
				CLANG_WARN_OBJC_ROOT_CLASS = YES_ERROR;
				CLANG_WARN_RANGE_LOOP_ANALYSIS = YES;
				CLANG_WARN_STRICT_PROTOTYPES = YES;
				CLANG_WARN_SUSPICIOUS_MOVE = YES;
				CLANG_WARN_UNGUARDED_AVAILABILITY = YES_AGGRESSIVE;
				CLANG_WARN_UNREACHABLE_CODE = YES;
				CLANG_WARN__DUPLICATE_METHOD_MATCH = YES;
				COPY_PHASE_STRIP = NO;
				CURRENT_PROJECT_VERSION = 1;
				DEBUG_INFORMATION_FORMAT = dwarf;
				ENABLE_STRICT_OBJC_MSGSEND = YES;
				ENABLE_TESTABILITY = YES;
				GCC_C_LANGUAGE_STANDARD = gnu11;
				GCC_DYNAMIC_NO_PIC = NO;
				GCC_NO_COMMON_BLOCKS = YES;
				GCC_OPTIMIZATION_LEVEL = 0;
				GCC_PREPROCESSOR_DEFINITIONS = (
					"DEBUG=1",
					"$(inherited)",
				);
				GCC_WARN_64_TO_32_BIT_CONVERSION = YES;
				GCC_WARN_ABOUT_RETURN_TYPE = YES_ERROR;
				GCC_WARN_UNDECLARED_SELECTOR = YES;
				GCC_WARN_UNINITIALIZED_AUTOS = YES_AGGRESSIVE;
				GCC_WARN_UNUSED_FUNCTION = YES;
				GCC_WARN_UNUSED_VARIABLE = YES;
				IPHONEOS_DEPLOYMENT_TARGET = 13.6;
				MTL_ENABLE_DEBUG_INFO = INCLUDE_SOURCE;
				MTL_FAST_MATH = YES;
				ONLY_ACTIVE_ARCH = YES;
				SDKROOT = iphoneos;
				SWIFT_ACTIVE_COMPILATION_CONDITIONS = DEBUG;
				SWIFT_OPTIMIZATION_LEVEL = "-Onone";
				VERSIONING_SYSTEM = "apple-generic";
				VERSION_INFO_PREFIX = "";
			};
			name = Debug;
		};
		52A02F6224F79B3B00F282A0 /* Release */ = {
			isa = XCBuildConfiguration;
			buildSettings = {
				ALWAYS_SEARCH_USER_PATHS = NO;
				CLANG_ANALYZER_NONNULL = YES;
				CLANG_ANALYZER_NUMBER_OBJECT_CONVERSION = YES_AGGRESSIVE;
				CLANG_CXX_LANGUAGE_STANDARD = "gnu++14";
				CLANG_CXX_LIBRARY = "libc++";
				CLANG_ENABLE_MODULES = YES;
				CLANG_ENABLE_OBJC_ARC = YES;
				CLANG_ENABLE_OBJC_WEAK = YES;
				CLANG_WARN_BLOCK_CAPTURE_AUTORELEASING = YES;
				CLANG_WARN_BOOL_CONVERSION = YES;
				CLANG_WARN_COMMA = YES;
				CLANG_WARN_CONSTANT_CONVERSION = YES;
				CLANG_WARN_DEPRECATED_OBJC_IMPLEMENTATIONS = YES;
				CLANG_WARN_DIRECT_OBJC_ISA_USAGE = YES_ERROR;
				CLANG_WARN_DOCUMENTATION_COMMENTS = YES;
				CLANG_WARN_EMPTY_BODY = YES;
				CLANG_WARN_ENUM_CONVERSION = YES;
				CLANG_WARN_INFINITE_RECURSION = YES;
				CLANG_WARN_INT_CONVERSION = YES;
				CLANG_WARN_NON_LITERAL_NULL_CONVERSION = YES;
				CLANG_WARN_OBJC_IMPLICIT_RETAIN_SELF = YES;
				CLANG_WARN_OBJC_LITERAL_CONVERSION = YES;
				CLANG_WARN_OBJC_ROOT_CLASS = YES_ERROR;
				CLANG_WARN_RANGE_LOOP_ANALYSIS = YES;
				CLANG_WARN_STRICT_PROTOTYPES = YES;
				CLANG_WARN_SUSPICIOUS_MOVE = YES;
				CLANG_WARN_UNGUARDED_AVAILABILITY = YES_AGGRESSIVE;
				CLANG_WARN_UNREACHABLE_CODE = YES;
				CLANG_WARN__DUPLICATE_METHOD_MATCH = YES;
				COPY_PHASE_STRIP = NO;
				CURRENT_PROJECT_VERSION = 1;
				DEBUG_INFORMATION_FORMAT = "dwarf-with-dsym";
				ENABLE_NS_ASSERTIONS = NO;
				ENABLE_STRICT_OBJC_MSGSEND = YES;
				GCC_C_LANGUAGE_STANDARD = gnu11;
				GCC_NO_COMMON_BLOCKS = YES;
				GCC_WARN_64_TO_32_BIT_CONVERSION = YES;
				GCC_WARN_ABOUT_RETURN_TYPE = YES_ERROR;
				GCC_WARN_UNDECLARED_SELECTOR = YES;
				GCC_WARN_UNINITIALIZED_AUTOS = YES_AGGRESSIVE;
				GCC_WARN_UNUSED_FUNCTION = YES;
				GCC_WARN_UNUSED_VARIABLE = YES;
				IPHONEOS_DEPLOYMENT_TARGET = 13.6;
				MTL_ENABLE_DEBUG_INFO = NO;
				MTL_FAST_MATH = YES;
				SDKROOT = iphoneos;
				SWIFT_COMPILATION_MODE = wholemodule;
				SWIFT_OPTIMIZATION_LEVEL = "-O";
				VALIDATE_PRODUCT = YES;
				VERSIONING_SYSTEM = "apple-generic";
				VERSION_INFO_PREFIX = "";
			};
			name = Release;
		};
		52A02F6424F79B3B00F282A0 /* Debug */ = {
			isa = XCBuildConfiguration;
			buildSettings = {
				CLANG_ENABLE_MODULES = YES;
				CODE_SIGN_STYLE = Automatic;
				DEFINES_MODULE = YES;
				DEVELOPMENT_TEAM = PC9AV7Y443;
				DYLIB_COMPATIBILITY_VERSION = 1;
				DYLIB_CURRENT_VERSION = 1;
				DYLIB_INSTALL_NAME_BASE = "@rpath";
				INFOPLIST_FILE = OtherTabs/Info.plist;
				INSTALL_PATH = "$(LOCAL_LIBRARY_DIR)/Frameworks";
				LD_RUNPATH_SEARCH_PATHS = (
					"$(inherited)",
					"@executable_path/Frameworks",
					"@loader_path/Frameworks",
				);
				PRODUCT_BUNDLE_IDENTIFIER = zzy.OtherTabs;
				PRODUCT_NAME = "$(TARGET_NAME:c99extidentifier)";
				SKIP_INSTALL = YES;
				SWIFT_OPTIMIZATION_LEVEL = "-Onone";
				SWIFT_VERSION = 5.0;
				TARGETED_DEVICE_FAMILY = "1,2";
			};
			name = Debug;
		};
		52A02F6524F79B3B00F282A0 /* Release */ = {
			isa = XCBuildConfiguration;
			buildSettings = {
				CLANG_ENABLE_MODULES = YES;
				CODE_SIGN_STYLE = Automatic;
				DEFINES_MODULE = YES;
				DEVELOPMENT_TEAM = PC9AV7Y443;
				DYLIB_COMPATIBILITY_VERSION = 1;
				DYLIB_CURRENT_VERSION = 1;
				DYLIB_INSTALL_NAME_BASE = "@rpath";
				INFOPLIST_FILE = OtherTabs/Info.plist;
				INSTALL_PATH = "$(LOCAL_LIBRARY_DIR)/Frameworks";
				LD_RUNPATH_SEARCH_PATHS = (
					"$(inherited)",
					"@executable_path/Frameworks",
					"@loader_path/Frameworks",
				);
				PRODUCT_BUNDLE_IDENTIFIER = zzy.OtherTabs;
				PRODUCT_NAME = "$(TARGET_NAME:c99extidentifier)";
				SKIP_INSTALL = YES;
				SWIFT_VERSION = 5.0;
				TARGETED_DEVICE_FAMILY = "1,2";
			};
			name = Release;
		};
/* End XCBuildConfiguration section */

/* Begin XCConfigurationList section */
		52A02F5524F79B3B00F282A0 /* Build configuration list for PBXProject "OtherTabs" */ = {
			isa = XCConfigurationList;
			buildConfigurations = (
				52A02F6124F79B3B00F282A0 /* Debug */,
				52A02F6224F79B3B00F282A0 /* Release */,
			);
			defaultConfigurationIsVisible = 0;
			defaultConfigurationName = Release;
		};
		52A02F6324F79B3B00F282A0 /* Build configuration list for PBXNativeTarget "OtherTabs" */ = {
			isa = XCConfigurationList;
			buildConfigurations = (
				52A02F6424F79B3B00F282A0 /* Debug */,
				52A02F6524F79B3B00F282A0 /* Release */,
			);
			defaultConfigurationIsVisible = 0;
			defaultConfigurationName = Release;
		};
/* End XCConfigurationList section */
	};
	rootObject = 52A02F5224F79B3B00F282A0 /* Project object */;
}
